
Microsoft Visual Studio Solution File, Format Version 11.00
# Visual Studio 2010
Project("{159641D6-6404-4A2A-AE62-294DE0FE8301}") = "EDI_Interface", "EDI_Interface\EDI_Interface.dtproj", "{96136344-6352-4FE4-B676-C7722D6612AA}"
EndProject
Global
	GlobalSection(SolutionConfigurationPlatforms) = preSolution
		Development|Default = Development|Default
	EndGlobalSection
	GlobalSection(ProjectConfigurationPlatforms) = postSolution
		{96136344-6352-4FE4-B676-C7722D6612AA}.Development|Default.ActiveCfg = Development
		{96136344-6352-4FE4-B676-C7722D6612AA}.Development|Default.Build.0 = Development
	EndGlobalSection
	GlobalSection(SolutionProperties) = preSolution
		HideSolutionNode = FALSE
	EndGlobalSection
EndGlobal
