
Microsoft Visual Studio Solution File, Format Version 11.00
# Visual Studio 2010
Project("{159641D6-6404-4A2A-AE62-294DE0FE8301}") = "ICE Deal", "ICE Deal\ICE Deal.dtproj", "{68DB86BA-7739-4210-8564-2EBB00367CD5}"
EndProject
Global
	GlobalSection(SolutionConfigurationPlatforms) = preSolution
		Development|Default = Development|Default
	EndGlobalSection
	GlobalSection(ProjectConfigurationPlatforms) = postSolution
		{68DB86BA-7739-4210-8564-2EBB00367CD5}.Development|Default.ActiveCfg = Development
		{68DB86BA-7739-4210-8564-2EBB00367CD5}.Development|Default.Build.0 = Development
	EndGlobalSection
	GlobalSection(SolutionProperties) = preSolution
		HideSolutionNode = FALSE
	EndGlobalSection
EndGlobal
